
Microsoft Visual Studio Solution File, Format Version 12.00
# Visual Studio Version 16
VisualStudioVersion = 16.0.32407.337
MinimumVisualStudioVersion = 10.0.40219.1
Project("{FAE04EC0-301F-11D3-BF4B-00C04F79EFBC}") = "Naughty_Note", "Naughty_Note\Naughty_Note.csproj", "{7A487DA9-D9DA-4831-88D0-7C9BA9A5EE42}"
EndProject
Global
	GlobalSection(SolutionConfigurationPlatforms) = preSolution
		Debug|Any CPU = Debug|Any CPU
		Release|Any CPU = Release|Any CPU
	EndGlobalSection
	GlobalSection(ProjectConfigurationPlatforms) = postSolution
		{7A487DA9-D9DA-4831-88D0-7C9BA9A5EE42}.Debug|Any CPU.ActiveCfg = Debug|Any CPU
		{7A487DA9-D9DA-4831-88D0-7C9BA9A5EE42}.Debug|Any CPU.Build.0 = Debug|Any CPU
		{7A487DA9-D9DA-4831-88D0-7C9BA9A5EE42}.Release|Any CPU.ActiveCfg = Release|Any CPU
		{7A487DA9-D9DA-4831-88D0-7C9BA9A5EE42}.Release|Any CPU.Build.0 = Release|Any CPU
	EndGlobalSection
	GlobalSection(SolutionProperties) = preSolution
		HideSolutionNode = FALSE
	EndGlobalSection
	GlobalSection(ExtensibilityGlobals) = postSolution
		SolutionGuid = {B767FD8A-8820-4745-BE14-5DAAD5FE984E}
	EndGlobalSection
EndGlobal
